
Microsoft Visual Studio Solution File, Format Version 12.00
# Visual Studio 15
VisualStudioVersion = 15.0.28010.2016
MinimumVisualStudioVersion = 10.0.40219.1
Project("{F184B08F-C81C-45F6-A57F-5ABD9991F28F}") = "VZonesDAPI_VB", "VZonesDAPI_VB\VZonesDAPI_VB.vbproj", "{E3D14018-B9FE-479D-8206-2A72E99C9949}"
EndProject
Global
	GlobalSection(SolutionConfigurationPlatforms) = preSolution
		Debug|Any CPU = Debug|Any CPU
		Release|Any CPU = Release|Any CPU
	EndGlobalSection
	GlobalSection(ProjectConfigurationPlatforms) = postSolution
		{E3D14018-B9FE-479D-8206-2A72E99C9949}.Debug|Any CPU.ActiveCfg = Release|Any CPU
		{E3D14018-B9FE-479D-8206-2A72E99C9949}.Debug|Any CPU.Build.0 = Release|Any CPU
		{E3D14018-B9FE-479D-8206-2A72E99C9949}.Release|Any CPU.ActiveCfg = Release|Any CPU
		{E3D14018-B9FE-479D-8206-2A72E99C9949}.Release|Any CPU.Build.0 = Release|Any CPU
	EndGlobalSection
	GlobalSection(SolutionProperties) = preSolution
		HideSolutionNode = FALSE
	EndGlobalSection
	GlobalSection(ExtensibilityGlobals) = postSolution
		SolutionGuid = {A6C3D414-626C-42C3-9122-ED0527C7F032}
	EndGlobalSection
EndGlobal
